Microsoft Visual Studio Solution File, Format Version 12.00
# Visual Studio 2012
Project("{FAE04EC0-301F-11D3-BF4B-00C04F79EFBC}") = "Emmy's Adventure", "Emmy's Adventure.csproj", "{DE1031D9-38F9-4504-9CCF-2E87A2BA92BD}"
EndProject
Global
	GlobalSection(SolutionConfigurationPlatforms) = preSolution
	Debug|Any CPU = Debug|Any CPU
	ExportDebug|Any CPU = ExportDebug|Any CPU
	ExportRelease|Any CPU = ExportRelease|Any CPU
	EndGlobalSection
	GlobalSection(ProjectConfigurationPlatforms) = postSolution
		{DE1031D9-38F9-4504-9CCF-2E87A2BA92BD}.Debug|Any CPU.ActiveCfg = Debug|Any CPU
		{DE1031D9-38F9-4504-9CCF-2E87A2BA92BD}.Debug|Any CPU.Build.0 = Debug|Any CPU
		{DE1031D9-38F9-4504-9CCF-2E87A2BA92BD}.ExportDebug|Any CPU.ActiveCfg = ExportDebug|Any CPU
		{DE1031D9-38F9-4504-9CCF-2E87A2BA92BD}.ExportDebug|Any CPU.Build.0 = ExportDebug|Any CPU
		{DE1031D9-38F9-4504-9CCF-2E87A2BA92BD}.ExportRelease|Any CPU.ActiveCfg = ExportRelease|Any CPU
		{DE1031D9-38F9-4504-9CCF-2E87A2BA92BD}.ExportRelease|Any CPU.Build.0 = ExportRelease|Any CPU
	EndGlobalSection
EndGlobal
